{
  "version": 4,
  "terraform_version": "1.11.3",
  "serial": 446,
  "lineage": "9ffddec7-a0ca-ca79-b31f-2e0b816765ab",
  "outputs": {},
  "resources": [
    {
      "module": "module.config-common-vlans",
      "mode": "managed",
      "type": "nxos_bridge_domain",
      "name": "vlan-core01",
      "provider": "module.config-common-vlans.provider[\"registry.terraform.io/ciscodevnet/nxos\"].core01",
      "instances": [
        {
          "index_key": "10",
          "schema_version": 0,
          "attributes": {
            "access_encap": "unknown",
            "device": null,
            "fabric_encap": "vlan-10",
            "id": "sys/bd/bd-[vlan-10]",
            "name": "TEMP-TEST"
          },
          "sensitive_attributes": [],
          "private": "eyJpbXBvcnRpbmciOiJNQT09In0="
        },
        {
          "index_key": "1100",
          "schema_version": 0,
          "attributes": {
            "access_encap": "unknown",
            "device": null,
            "fabric_encap": "vlan-1100",
            "id": "sys/bd/bd-[vlan-1100]",
            "name": "xx-01_AGG_to_EDG"
          },
          "sensitive_attributes": [],
          "private": "eyJpbXBvcnRpbmciOiJNQT09In0="
        },
        {
          "index_key": "1101",
          "schema_version": 0,
          "attributes": {
            "access_encap": "unknown",
            "device": null,
            "fabric_encap": "vlan-1101",
            "id": "sys/bd/bd-[vlan-1101]",
            "name": "XX-01_ES_EDG"
          },
          "sensitive_attributes": [],
          "private": "eyJpbXBvcnRpbmciOiJNQT09In0="
        },
        {
          "index_key": "20",
          "schema_version": 0,
          "attributes": {
            "access_encap": "unknown",
            "device": null,
            "fabric_encap": "vlan-20",
            "id": "sys/bd/bd-[vlan-20]",
            "name": "TEMP-TEST2"
          },
          "sensitive_attributes": [],
          "private": "eyJpbXBvcnRpbmciOiJNQT09In0="
        },
        {
          "index_key": "3010",
          "schema_version": 0,
          "attributes": {
            "access_encap": "unknown",
            "device": null,
            "fabric_encap": "vlan-3010",
            "id": "sys/bd/bd-[vlan-3010]",
            "name": "xx01_bgp_peers"
          },
          "sensitive_attributes": [],
          "private": "eyJpbXBvcnRpbmciOiJNQT09In0="
        }
      ]
    },
    {
      "module": "module.config-common-vlans",
      "mode": "managed",
      "type": "nxos_bridge_domain",
      "name": "vlan-core02",
      "provider": "module.config-common-vlans.provider[\"registry.terraform.io/ciscodevnet/nxos\"].core02",
      "instances": [
        {
          "index_key": "10",
          "schema_version": 0,
          "attributes": {
            "access_encap": "unknown",
            "device": null,
            "fabric_encap": "vlan-10",
            "id": "sys/bd/bd-[vlan-10]",
            "name": "TEMP-TEST"
          },
          "sensitive_attributes": [],
          "private": "eyJpbXBvcnRpbmciOiJNQT09In0="
        },
        {
          "index_key": "1100",
          "schema_version": 0,
          "attributes": {
            "access_encap": "unknown",
            "device": null,
            "fabric_encap": "vlan-1100",
            "id": "sys/bd/bd-[vlan-1100]",
            "name": "xx-01_AGG_to_EDG"
          },
          "sensitive_attributes": [],
          "private": "eyJpbXBvcnRpbmciOiJNQT09In0="
        },
        {
          "index_key": "1101",
          "schema_version": 0,
          "attributes": {
            "access_encap": "unknown",
            "device": null,
            "fabric_encap": "vlan-1101",
            "id": "sys/bd/bd-[vlan-1101]",
            "name": "XX-01_ES_EDG"
          },
          "sensitive_attributes": [],
          "private": "eyJpbXBvcnRpbmciOiJNQT09In0="
        },
        {
          "index_key": "20",
          "schema_version": 0,
          "attributes": {
            "access_encap": "unknown",
            "device": null,
            "fabric_encap": "vlan-20",
            "id": "sys/bd/bd-[vlan-20]",
            "name": "TEMP-TEST2"
          },
          "sensitive_attributes": [],
          "private": "eyJpbXBvcnRpbmciOiJNQT09In0="
        },
        {
          "index_key": "3010",
          "schema_version": 0,
          "attributes": {
            "access_encap": "unknown",
            "device": null,
            "fabric_encap": "vlan-3010",
            "id": "sys/bd/bd-[vlan-3010]",
            "name": "xx01_bgp_peers"
          },
          "sensitive_attributes": [],
          "private": "eyJpbXBvcnRpbmciOiJNQT09In0="
        }
      ]
    },
    {
      "module": "module.config-core01",
      "mode": "managed",
      "type": "nxos_save_config",
      "name": "save-config-core01",
      "provider": "module.config-core01.provider[\"registry.terraform.io/ciscodevnet/nxos\"]",
      "instances": [
        {
          "schema_version": 0,
          "attributes": {
            "device": null,
            "save": true
          },
          "sensitive_attributes": []
        }
      ]
    },
    {
      "module": "module.config-core01",
      "mode": "managed",
      "type": "nxos_system",
      "name": "hostname-CORE01",
      "provider": "module.config-core01.provider[\"registry.terraform.io/ciscodevnet/nxos\"]",
      "instances": [
        {
          "schema_version": 0,
          "attributes": {
            "device": null,
            "id": "sys",
            "name": "Dev-Test-CORE01"
          },
          "sensitive_attributes": [],
          "private": "eyJpbXBvcnRpbmciOiJNQT09In0="
        }
      ]
    },
    {
      "module": "module.config-core02",
      "mode": "managed",
      "type": "nxos_save_config",
      "name": "save-config-core01",
      "provider": "module.config-core02.provider[\"registry.terraform.io/ciscodevnet/nxos\"]",
      "instances": [
        {
          "schema_version": 0,
          "attributes": {
            "device": null,
            "save": true
          },
          "sensitive_attributes": []
        }
      ]
    },
    {
      "module": "module.config-core02",
      "mode": "managed",
      "type": "nxos_system",
      "name": "hostname-CORE02",
      "provider": "module.config-core02.provider[\"registry.terraform.io/ciscodevnet/nxos\"]",
      "instances": [
        {
          "schema_version": 0,
          "attributes": {
            "device": null,
            "id": "sys",
            "name": "Dev-Test-CORE02"
          },
          "sensitive_attributes": [],
          "private": "eyJpbXBvcnRpbmciOiJNQT09In0="
        }
      ]
    },
    {
      "module": "module.config-eth-int",
      "mode": "managed",
      "type": "nxos_rest",
      "name": "Configure-eth1_1-po111-core01",
      "provider": "module.config-eth-int.provider[\"registry.terraform.io/ciscodevnet/nxos\"].core01",
      "instances": [
        {
          "schema_version": 0,
          "attributes": {
            "children": null,
            "class_name": "l1PhysIf",
            "content": {
              "adminSt": "up",
              "descr": "link to TWE-AGG01 via Port-Channel111",
              "id": "eth1/1",
              "layer": "Layer3",
              "mtu": "9216",
              "status": "created,modified"
            },
            "delete": true,
            "device": null,
            "dn": "sys/intf/phys-[eth1/1]",
            "id": "sys/intf/phys-[eth1/1]"
          },
          "sensitive_attributes": []
        }
      ]
    },
    {
      "module": "module.config-eth-int",
      "mode": "managed",
      "type": "nxos_rest",
      "name": "Configure-eth1_1-po121-core02",
      "provider": "module.config-eth-int.provider[\"registry.terraform.io/ciscodevnet/nxos\"].core02",
      "instances": [
        {
          "schema_version": 0,
          "attributes": {
            "children": null,
            "class_name": "l1PhysIf",
            "content": {
              "adminSt": "up",
              "descr": "link to TWE-AGG01 via Port-Channel121",
              "id": "eth1/1",
              "layer": "Layer3",
              "mtu": "9216",
              "status": "created,modified"
            },
            "delete": true,
            "device": null,
            "dn": "sys/intf/phys-[eth1/1]",
            "id": "sys/intf/phys-[eth1/1]"
          },
          "sensitive_attributes": []
        }
      ]
    },
    {
      "module": "module.config-eth-int",
      "mode": "managed",
      "type": "nxos_rest",
      "name": "Configure-eth1_2-po112-core01",
      "provider": "module.config-eth-int.provider[\"registry.terraform.io/ciscodevnet/nxos\"].core01",
      "instances": [
        {
          "schema_version": 0,
          "attributes": {
            "children": null,
            "class_name": "l1PhysIf",
            "content": {
              "adminSt": "up",
              "descr": "link to TWE-AGG02 via Port-Channel112",
              "id": "eth1/2",
              "layer": "Layer3",
              "mtu": "9216",
              "status": "created,modified"
            },
            "delete": true,
            "device": null,
            "dn": "sys/intf/phys-[eth1/2]",
            "id": "sys/intf/phys-[eth1/2]"
          },
          "sensitive_attributes": []
        }
      ]
    },
    {
      "module": "module.config-eth-int",
      "mode": "managed",
      "type": "nxos_rest",
      "name": "Configure-eth1_2-po122-core02",
      "provider": "module.config-eth-int.provider[\"registry.terraform.io/ciscodevnet/nxos\"].core02",
      "instances": [
        {
          "schema_version": 0,
          "attributes": {
            "children": null,
            "class_name": "l1PhysIf",
            "content": {
              "adminSt": "up",
              "descr": "link to TWE-AGG02 via Port-Channel122",
              "id": "eth1/2",
              "layer": "Layer3",
              "mtu": "9216",
              "status": "created,modified"
            },
            "delete": true,
            "device": null,
            "dn": "sys/intf/phys-[eth1/2]",
            "id": "sys/intf/phys-[eth1/2]"
          },
          "sensitive_attributes": []
        }
      ]
    },
    {
      "module": "module.config-eth-int",
      "mode": "managed",
      "type": "nxos_rest",
      "name": "Configure-eth1_6-po12-core01",
      "provider": "module.config-eth-int.provider[\"registry.terraform.io/ciscodevnet/nxos\"].core01",
      "instances": [
        {
          "schema_version": 0,
          "attributes": {
            "children": null,
            "class_name": "l1PhysIf",
            "content": {
              "adminSt": "up",
              "descr": "link to Core01 via Port-Channel12",
              "id": "eth1/6",
              "layer": "Layer3",
              "mtu": "9216",
              "status": "created,modified"
            },
            "delete": true,
            "device": null,
            "dn": "sys/intf/phys-[eth1/6]",
            "id": "sys/intf/phys-[eth1/6]"
          },
          "sensitive_attributes": []
        }
      ]
    },
    {
      "module": "module.config-eth-int",
      "mode": "managed",
      "type": "nxos_rest",
      "name": "Configure-eth1_6-po12-core21",
      "provider": "module.config-eth-int.provider[\"registry.terraform.io/ciscodevnet/nxos\"].core02",
      "instances": [
        {
          "schema_version": 0,
          "attributes": {
            "children": null,
            "class_name": "l1PhysIf",
            "content": {
              "adminSt": "up",
              "descr": "link to Core02 via Port-Channel12",
              "id": "eth1/6",
              "layer": "Layer3",
              "mtu": "9216",
              "status": "created,modified"
            },
            "delete": true,
            "device": null,
            "dn": "sys/intf/phys-[eth1/6]",
            "id": "sys/intf/phys-[eth1/6]"
          },
          "sensitive_attributes": []
        }
      ]
    },
    {
      "module": "module.config-ipv4-int-address",
      "mode": "managed",
      "type": "nxos_ipv4_interface",
      "name": "ipv4-int-core01",
      "provider": "module.config-ipv4-int-address.provider[\"registry.terraform.io/ciscodevnet/nxos\"].core01",
      "instances": [
        {
          "index_key": "lo101",
          "schema_version": 0,
          "attributes": {
            "device": null,
            "drop_glean": "disabled",
            "forward": "disabled",
            "id": "sys/ipv4/inst/dom-[xx01_es_core]/if-[lo101]",
            "interface_id": "lo101",
            "unnumbered": "unspecified",
            "urpf": "disabled",
            "vrf": "xx01_es_core"
          },
          "sensitive_attributes": [],
          "private": "eyJpbXBvcnRpbmciOiJNQT09In0="
        },
        {
          "index_key": "po111_3010",
          "schema_version": 0,
          "attributes": {
            "device": null,
            "drop_glean": "disabled",
            "forward": "disabled",
            "id": "sys/ipv4/inst/dom-[xx01_es_core]/if-[po111.3010]",
            "interface_id": "po111.3010",
            "unnumbered": "unspecified",
            "urpf": "disabled",
            "vrf": "xx01_es_core"
          },
          "sensitive_attributes": [],
          "private": "eyJpbXBvcnRpbmciOiJNQT09In0="
        },
        {
          "index_key": "po112_3010",
          "schema_version": 0,
          "attributes": {
            "device": null,
            "drop_glean": "disabled",
            "forward": "disabled",
            "id": "sys/ipv4/inst/dom-[xx01_es_core]/if-[po112.3010]",
            "interface_id": "po112.3010",
            "unnumbered": "unspecified",
            "urpf": "disabled",
            "vrf": "xx01_es_core"
          },
          "sensitive_attributes": [],
          "private": "eyJpbXBvcnRpbmciOiJNQT09In0="
        },
        {
          "index_key": "po12_3010",
          "schema_version": 0,
          "attributes": {
            "device": null,
            "drop_glean": "disabled",
            "forward": "disabled",
            "id": "sys/ipv4/inst/dom-[xx01_es_core]/if-[po12.3010]",
            "interface_id": "po12.3010",
            "unnumbered": "unspecified",
            "urpf": "disabled",
            "vrf": "xx01_es_core"
          },
          "sensitive_attributes": [],
          "private": "eyJpbXBvcnRpbmciOiJNQT09In0="
        }
      ]
    },
    {
      "module": "module.config-ipv4-int-address",
      "mode": "managed",
      "type": "nxos_ipv4_interface",
      "name": "ipv4-int-core02",
      "provider": "module.config-ipv4-int-address.provider[\"registry.terraform.io/ciscodevnet/nxos\"].core02",
      "instances": [
        {
          "index_key": "lo101",
          "schema_version": 0,
          "attributes": {
            "device": null,
            "drop_glean": "disabled",
            "forward": "disabled",
            "id": "sys/ipv4/inst/dom-[xx01_es_core]/if-[lo101]",
            "interface_id": "lo101",
            "unnumbered": "unspecified",
            "urpf": "disabled",
            "vrf": "xx01_es_core"
          },
          "sensitive_attributes": [],
          "private": "eyJpbXBvcnRpbmciOiJNQT09In0="
        },
        {
          "index_key": "po121_3010",
          "schema_version": 0,
          "attributes": {
            "device": null,
            "drop_glean": "disabled",
            "forward": "disabled",
            "id": "sys/ipv4/inst/dom-[xx01_es_core]/if-[po121.3010]",
            "interface_id": "po121.3010",
            "unnumbered": "unspecified",
            "urpf": "disabled",
            "vrf": "xx01_es_core"
          },
          "sensitive_attributes": [],
          "private": "eyJpbXBvcnRpbmciOiJNQT09In0="
        },
        {
          "index_key": "po122_3010",
          "schema_version": 0,
          "attributes": {
            "device": null,
            "drop_glean": "disabled",
            "forward": "disabled",
            "id": "sys/ipv4/inst/dom-[xx01_es_core]/if-[po122.3010]",
            "interface_id": "po122.3010",
            "unnumbered": "unspecified",
            "urpf": "disabled",
            "vrf": "xx01_es_core"
          },
          "sensitive_attributes": [],
          "private": "eyJpbXBvcnRpbmciOiJNQT09In0="
        },
        {
          "index_key": "po12_3010",
          "schema_version": 0,
          "attributes": {
            "device": null,
            "drop_glean": "disabled",
            "forward": "disabled",
            "id": "sys/ipv4/inst/dom-[xx01_es_core]/if-[po12.3010]",
            "interface_id": "po12.3010",
            "unnumbered": "unspecified",
            "urpf": "disabled",
            "vrf": "xx01_es_core"
          },
          "sensitive_attributes": [],
          "private": "eyJpbXBvcnRpbmciOiJNQT09In0="
        }
      ]
    },
    {
      "module": "module.config-ipv4-int-address",
      "mode": "managed",
      "type": "nxos_ipv4_interface_address",
      "name": "int-ipv4-address-core01",
      "provider": "module.config-ipv4-int-address.provider[\"registry.terraform.io/ciscodevnet/nxos\"].core01",
      "instances": [
        {
          "index_key": "lo101",
          "schema_version": 0,
          "attributes": {
            "address": "10.66.127.1/32",
            "device": null,
            "id": "sys/ipv4/inst/dom-[xx01_es_core]/if-[lo101]/addr-[10.66.127.1/32]",
            "interface_id": "lo101",
            "tag": 0,
            "type": "primary",
            "vrf": "xx01_es_core"
          },
          "sensitive_attributes": [],
          "private": "eyJpbXBvcnRpbmciOiJNQT09In0="
        },
        {
          "index_key": "po111_3010",
          "schema_version": 0,
          "attributes": {
            "address": "10.66.125.2/31",
            "device": null,
            "id": "sys/ipv4/inst/dom-[xx01_es_core]/if-[po111.3010]/addr-[10.66.125.2/31]",
            "interface_id": "po111.3010",
            "tag": 0,
            "type": "primary",
            "vrf": "xx01_es_core"
          },
          "sensitive_attributes": [],
          "private": "eyJpbXBvcnRpbmciOiJNQT09In0="
        },
        {
          "index_key": "po112_3010",
          "schema_version": 0,
          "attributes": {
            "address": "10.66.125.4/31",
            "device": null,
            "id": "sys/ipv4/inst/dom-[xx01_es_core]/if-[po112.3010]/addr-[10.66.125.4/31]",
            "interface_id": "po112.3010",
            "tag": 0,
            "type": "primary",
            "vrf": "xx01_es_core"
          },
          "sensitive_attributes": [],
          "private": "eyJpbXBvcnRpbmciOiJNQT09In0="
        },
        {
          "index_key": "po12_3010",
          "schema_version": 0,
          "attributes": {
            "address": "10.66.125.0/31",
            "device": null,
            "id": "sys/ipv4/inst/dom-[xx01_es_core]/if-[po12.3010]/addr-[10.66.125.0/31]",
            "interface_id": "po12.3010",
            "tag": 0,
            "type": "primary",
            "vrf": "xx01_es_core"
          },
          "sensitive_attributes": [],
          "private": "eyJpbXBvcnRpbmciOiJNQT09In0="
        }
      ]
    },
    {
      "module": "module.config-ipv4-int-address",
      "mode": "managed",
      "type": "nxos_ipv4_interface_address",
      "name": "int-ipv4-address-core02",
      "provider": "module.config-ipv4-int-address.provider[\"registry.terraform.io/ciscodevnet/nxos\"].core02",
      "instances": [
        {
          "index_key": "lo101",
          "schema_version": 0,
          "attributes": {
            "address": "10.66.127.2/32",
            "device": null,
            "id": "sys/ipv4/inst/dom-[xx01_es_core]/if-[lo101]/addr-[10.66.127.2/32]",
            "interface_id": "lo101",
            "tag": 0,
            "type": "primary",
            "vrf": "xx01_es_core"
          },
          "sensitive_attributes": [],
          "private": "eyJpbXBvcnRpbmciOiJNQT09In0="
        },
        {
          "index_key": "po121_3010",
          "schema_version": 0,
          "attributes": {
            "address": "10.66.125.6/31",
            "device": null,
            "id": "sys/ipv4/inst/dom-[xx01_es_core]/if-[po121.3010]/addr-[10.66.125.6/31]",
            "interface_id": "po121.3010",
            "tag": 0,
            "type": "primary",
            "vrf": "xx01_es_core"
          },
          "sensitive_attributes": [],
          "private": "eyJpbXBvcnRpbmciOiJNQT09In0="
        },
        {
          "index_key": "po122_3010",
          "schema_version": 0,
          "attributes": {
            "address": "10.66.125.8/31",
            "device": null,
            "id": "sys/ipv4/inst/dom-[xx01_es_core]/if-[po122.3010]/addr-[10.66.125.8/31]",
            "interface_id": "po122.3010",
            "tag": 0,
            "type": "primary",
            "vrf": "xx01_es_core"
          },
          "sensitive_attributes": [],
          "private": "eyJpbXBvcnRpbmciOiJNQT09In0="
        },
        {
          "index_key": "po12_3010",
          "schema_version": 0,
          "attributes": {
            "address": "10.66.125.1/31",
            "device": null,
            "id": "sys/ipv4/inst/dom-[xx01_es_core]/if-[po12.3010]/addr-[10.66.125.1/31]",
            "interface_id": "po12.3010",
            "tag": 0,
            "type": "primary",
            "vrf": "xx01_es_core"
          },
          "sensitive_attributes": [],
          "private": "eyJpbXBvcnRpbmciOiJNQT09In0="
        }
      ]
    },
    {
      "module": "module.config-ipv4-int-address",
      "mode": "managed",
      "type": "nxos_ipv4_vrf",
      "name": "ipv4-vrf-core01",
      "provider": "module.config-ipv4-int-address.provider[\"registry.terraform.io/ciscodevnet/nxos\"].core01",
      "instances": [
        {
          "index_key": "xx01_es_core",
          "schema_version": 0,
          "attributes": {
            "device": null,
            "id": "sys/ipv4/inst/dom-[xx01_es_core]",
            "name": "xx01_es_core"
          },
          "sensitive_attributes": [],
          "private": "eyJpbXBvcnRpbmciOiJNQT09In0="
        }
      ]
    },
    {
      "module": "module.config-ipv4-int-address",
      "mode": "managed",
      "type": "nxos_ipv4_vrf",
      "name": "ipv4-vrf-core02",
      "provider": "module.config-ipv4-int-address.provider[\"registry.terraform.io/ciscodevnet/nxos\"].core02",
      "instances": [
        {
          "index_key": "xx01_es_core",
          "schema_version": 0,
          "attributes": {
            "device": null,
            "id": "sys/ipv4/inst/dom-[xx01_es_core]",
            "name": "xx01_es_core"
          },
          "sensitive_attributes": [],
          "private": "eyJpbXBvcnRpbmciOiJNQT09In0="
        }
      ]
    },
    {
      "module": "module.config-loopback-int",
      "mode": "managed",
      "type": "nxos_loopback_interface",
      "name": "loopback_int-core01",
      "provider": "module.config-loopback-int.provider[\"registry.terraform.io/ciscodevnet/nxos\"].core01",
      "instances": [
        {
          "index_key": "lo101",
          "schema_version": 0,
          "attributes": {
            "admin_state": "up",
            "description": "### XX-01 loopback ###",
            "device": null,
            "id": "sys/intf/lb-[lo101]",
            "interface_id": "lo101"
          },
          "sensitive_attributes": [],
          "private": "eyJpbXBvcnRpbmciOiJNQT09In0="
        }
      ]
    },
    {
      "module": "module.config-loopback-int",
      "mode": "managed",
      "type": "nxos_loopback_interface",
      "name": "loopback_int-core02",
      "provider": "module.config-loopback-int.provider[\"registry.terraform.io/ciscodevnet/nxos\"].core02",
      "instances": [
        {
          "index_key": "lo101",
          "schema_version": 0,
          "attributes": {
            "admin_state": "up",
            "description": "### XX-01 loopback ###",
            "device": null,
            "id": "sys/intf/lb-[lo101]",
            "interface_id": "lo101"
          },
          "sensitive_attributes": [],
          "private": "eyJpbXBvcnRpbmciOiJNQT09In0="
        }
      ]
    },
    {
      "module": "module.config-loopback-int",
      "mode": "managed",
      "type": "nxos_loopback_interface_vrf",
      "name": "loopback_int_vrf-core01",
      "provider": "module.config-loopback-int.provider[\"registry.terraform.io/ciscodevnet/nxos\"].core01",
      "instances": [
        {
          "index_key": "lo101",
          "schema_version": 0,
          "attributes": {
            "device": null,
            "id": "sys/intf/lb-[lo101]/rtvrfMbr",
            "interface_id": "lo101",
            "vrf_dn": "sys/inst-xx01_es_core"
          },
          "sensitive_attributes": [],
          "private": "eyJpbXBvcnRpbmciOiJNQT09In0="
        }
      ]
    },
    {
      "module": "module.config-loopback-int",
      "mode": "managed",
      "type": "nxos_loopback_interface_vrf",
      "name": "loopback_int_vrf-core02",
      "provider": "module.config-loopback-int.provider[\"registry.terraform.io/ciscodevnet/nxos\"].core02",
      "instances": [
        {
          "index_key": "lo101",
          "schema_version": 0,
          "attributes": {
            "device": null,
            "id": "sys/intf/lb-[lo101]/rtvrfMbr",
            "interface_id": "lo101",
            "vrf_dn": "sys/inst-xx01_es_core"
          },
          "sensitive_attributes": [],
          "private": "eyJpbXBvcnRpbmciOiJNQT09In0="
        }
      ]
    },
    {
      "module": "module.config-po-int",
      "mode": "managed",
      "type": "nxos_port_channel_interface",
      "name": "configure-po-core01",
      "provider": "module.config-po-int.provider[\"registry.terraform.io/ciscodevnet/nxos\"].core01",
      "instances": [
        {
          "index_key": "po111",
          "schema_version": 0,
          "attributes": {
            "access_vlan": "vlan-1",
            "admin_state": "up",
            "auto_negotiation": "on",
            "bandwidth": 0,
            "delay": 1,
            "description": "### XX-01 RC BGP ###",
            "device": null,
            "duplex": "auto",
            "id": "sys/intf/aggr-[po111]",
            "interface_id": "po111",
            "layer": "Layer3",
            "link_logging": "default",
            "maximum_links": 32,
            "medium": "broadcast",
            "minimum_links": 1,
            "mode": "access",
            "mtu": 9216,
            "native_vlan": "vlan-1",
            "port_channel_mode": "active",
            "speed": "auto",
            "suspend_individual": "enable",
            "trunk_vlans": "1-4094",
            "user_configured_flags": null
          },
          "sensitive_attributes": [],
          "private": "eyJpbXBvcnRpbmciOiJNQT09In0="
        },
        {
          "index_key": "po112",
          "schema_version": 0,
          "attributes": {
            "access_vlan": "vlan-1",
            "admin_state": "up",
            "auto_negotiation": "on",
            "bandwidth": 0,
            "delay": 1,
            "description": "### XX-01 RC BGP ###",
            "device": null,
            "duplex": "auto",
            "id": "sys/intf/aggr-[po112]",
            "interface_id": "po112",
            "layer": "Layer3",
            "link_logging": "default",
            "maximum_links": 32,
            "medium": "broadcast",
            "minimum_links": 1,
            "mode": "access",
            "mtu": 9216,
            "native_vlan": "vlan-1",
            "port_channel_mode": "active",
            "speed": "auto",
            "suspend_individual": "enable",
            "trunk_vlans": "1-4094",
            "user_configured_flags": null
          },
          "sensitive_attributes": [],
          "private": "eyJpbXBvcnRpbmciOiJNQT09In0="
        },
        {
          "index_key": "po12",
          "schema_version": 0,
          "attributes": {
            "access_vlan": "vlan-1",
            "admin_state": "up",
            "auto_negotiation": "on",
            "bandwidth": 0,
            "delay": 1,
            "description": "### XX-01 CORE01 - CORE02 BGP ###",
            "device": null,
            "duplex": "auto",
            "id": "sys/intf/aggr-[po12]",
            "interface_id": "po12",
            "layer": "Layer3",
            "link_logging": "default",
            "maximum_links": 32,
            "medium": "broadcast",
            "minimum_links": 1,
            "mode": "access",
            "mtu": 9216,
            "native_vlan": "vlan-1",
            "port_channel_mode": "active",
            "speed": "auto",
            "suspend_individual": "enable",
            "trunk_vlans": "1-4094",
            "user_configured_flags": null
          },
          "sensitive_attributes": [],
          "private": "eyJpbXBvcnRpbmciOiJNQT09In0="
        }
      ]
    },
    {
      "module": "module.config-po-int",
      "mode": "managed",
      "type": "nxos_port_channel_interface",
      "name": "configure-po-core02",
      "provider": "module.config-po-int.provider[\"registry.terraform.io/ciscodevnet/nxos\"].core02",
      "instances": [
        {
          "index_key": "po111",
          "schema_version": 0,
          "attributes": {
            "access_vlan": "vlan-1",
            "admin_state": "up",
            "auto_negotiation": "on",
            "bandwidth": 0,
            "delay": 1,
            "description": "### XX-01 RC BGP ###",
            "device": null,
            "duplex": "auto",
            "id": "sys/intf/aggr-[po121]",
            "interface_id": "po121",
            "layer": "Layer3",
            "link_logging": "default",
            "maximum_links": 32,
            "medium": "broadcast",
            "minimum_links": 1,
            "mode": "access",
            "mtu": 9216,
            "native_vlan": "vlan-1",
            "port_channel_mode": "active",
            "speed": "auto",
            "suspend_individual": "enable",
            "trunk_vlans": "1-4094",
            "user_configured_flags": null
          },
          "sensitive_attributes": [],
          "private": "eyJpbXBvcnRpbmciOiJNQT09In0="
        },
        {
          "index_key": "po112",
          "schema_version": 0,
          "attributes": {
            "access_vlan": "vlan-1",
            "admin_state": "up",
            "auto_negotiation": "on",
            "bandwidth": 0,
            "delay": 1,
            "description": "### XX-01 RC BGP ###",
            "device": null,
            "duplex": "auto",
            "id": "sys/intf/aggr-[po122]",
            "interface_id": "po122",
            "layer": "Layer3",
            "link_logging": "default",
            "maximum_links": 32,
            "medium": "broadcast",
            "minimum_links": 1,
            "mode": "access",
            "mtu": 9216,
            "native_vlan": "vlan-1",
            "port_channel_mode": "active",
            "speed": "auto",
            "suspend_individual": "enable",
            "trunk_vlans": "1-4094",
            "user_configured_flags": null
          },
          "sensitive_attributes": [],
          "private": "eyJpbXBvcnRpbmciOiJNQT09In0="
        },
        {
          "index_key": "po12",
          "schema_version": 0,
          "attributes": {
            "access_vlan": "vlan-1",
            "admin_state": "up",
            "auto_negotiation": "on",
            "bandwidth": 0,
            "delay": 1,
            "description": "### XX-01 CORE01 - CORE02 BGP ###",
            "device": null,
            "duplex": "auto",
            "id": "sys/intf/aggr-[po12]",
            "interface_id": "po12",
            "layer": "Layer3",
            "link_logging": "default",
            "maximum_links": 32,
            "medium": "broadcast",
            "minimum_links": 1,
            "mode": "access",
            "mtu": 9216,
            "native_vlan": "vlan-1",
            "port_channel_mode": "active",
            "speed": "auto",
            "suspend_individual": "enable",
            "trunk_vlans": "1-4094",
            "user_configured_flags": null
          },
          "sensitive_attributes": [],
          "private": "eyJpbXBvcnRpbmciOiJNQT09In0="
        }
      ]
    },
    {
      "module": "module.config-po-int",
      "mode": "managed",
      "type": "nxos_port_channel_interface_member",
      "name": "po-int_member_core02",
      "provider": "module.config-po-int.provider[\"registry.terraform.io/ciscodevnet/nxos\"].core02",
      "instances": [
        {
          "index_key": "po12-1",
          "schema_version": 0,
          "attributes": {
            "device": null,
            "force": true,
            "id": "sys/intf/aggr-[po12]/rsmbrIfs-[sys/intf/phys-[eth1/6]]",
            "interface_dn": "sys/intf/phys-[eth1/6]",
            "interface_id": "po12"
          },
          "sensitive_attributes": [],
          "private": "eyJpbXBvcnRpbmciOiJNQT09In0="
        },
        {
          "index_key": "po121-1",
          "schema_version": 0,
          "attributes": {
            "device": null,
            "force": true,
            "id": "sys/intf/aggr-[po121]/rsmbrIfs-[sys/intf/phys-[eth1/1]]",
            "interface_dn": "sys/intf/phys-[eth1/1]",
            "interface_id": "po121"
          },
          "sensitive_attributes": [],
          "private": "eyJpbXBvcnRpbmciOiJNQT09In0="
        },
        {
          "index_key": "po122-1",
          "schema_version": 0,
          "attributes": {
            "device": null,
            "force": true,
            "id": "sys/intf/aggr-[po122]/rsmbrIfs-[sys/intf/phys-[eth1/2]]",
            "interface_dn": "sys/intf/phys-[eth1/2]",
            "interface_id": "po122"
          },
          "sensitive_attributes": [],
          "private": "eyJpbXBvcnRpbmciOiJNQT09In0="
        }
      ]
    },
    {
      "module": "module.config-po-int",
      "mode": "managed",
      "type": "nxos_port_channel_interface_member",
      "name": "po-member_map_core01",
      "provider": "module.config-po-int.provider[\"registry.terraform.io/ciscodevnet/nxos\"].core01",
      "instances": [
        {
          "index_key": "po111-1",
          "schema_version": 0,
          "attributes": {
            "device": null,
            "force": true,
            "id": "sys/intf/aggr-[po111]/rsmbrIfs-[sys/intf/phys-[eth1/1]]",
            "interface_dn": "sys/intf/phys-[eth1/1]",
            "interface_id": "po111"
          },
          "sensitive_attributes": [],
          "private": "eyJpbXBvcnRpbmciOiJNQT09In0="
        },
        {
          "index_key": "po112-1",
          "schema_version": 0,
          "attributes": {
            "device": null,
            "force": true,
            "id": "sys/intf/aggr-[po112]/rsmbrIfs-[sys/intf/phys-[eth1/2]]",
            "interface_dn": "sys/intf/phys-[eth1/2]",
            "interface_id": "po112"
          },
          "sensitive_attributes": [],
          "private": "eyJpbXBvcnRpbmciOiJNQT09In0="
        },
        {
          "index_key": "po12-1",
          "schema_version": 0,
          "attributes": {
            "device": null,
            "force": true,
            "id": "sys/intf/aggr-[po12]/rsmbrIfs-[sys/intf/phys-[eth1/6]]",
            "interface_dn": "sys/intf/phys-[eth1/6]",
            "interface_id": "po12"
          },
          "sensitive_attributes": [],
          "private": "eyJpbXBvcnRpbmciOiJNQT09In0="
        }
      ]
    },
    {
      "module": "module.config-po-int",
      "mode": "managed",
      "type": "nxos_subinterface",
      "name": "po_sub_int_acore1",
      "provider": "module.config-po-int.provider[\"registry.terraform.io/ciscodevnet/nxos\"].core01",
      "instances": [
        {
          "index_key": "po111",
          "schema_version": 0,
          "attributes": {
            "admin_state": "up",
            "bandwidth": 0,
            "delay": 1,
            "description": "### XX-01 RC BGP ###",
            "device": null,
            "encap": "vlan-3010",
            "id": "sys/intf/encrtd-[po111.3010]",
            "interface_id": "po111.3010",
            "link_logging": "default",
            "medium": "broadcast",
            "mtu": 9216
          },
          "sensitive_attributes": [],
          "private": "eyJpbXBvcnRpbmciOiJNQT09In0="
        },
        {
          "index_key": "po112",
          "schema_version": 0,
          "attributes": {
            "admin_state": "up",
            "bandwidth": 0,
            "delay": 1,
            "description": "### XX-01 RC BGP ###",
            "device": null,
            "encap": "vlan-3010",
            "id": "sys/intf/encrtd-[po112.3010]",
            "interface_id": "po112.3010",
            "link_logging": "default",
            "medium": "broadcast",
            "mtu": 9216
          },
          "sensitive_attributes": [],
          "private": "eyJpbXBvcnRpbmciOiJNQT09In0="
        },
        {
          "index_key": "po12",
          "schema_version": 0,
          "attributes": {
            "admin_state": "up",
            "bandwidth": 0,
            "delay": 1,
            "description": "### XX-01 CORE01 - CORE02 BGP ###",
            "device": null,
            "encap": "vlan-3010",
            "id": "sys/intf/encrtd-[po12.3010]",
            "interface_id": "po12.3010",
            "link_logging": "default",
            "medium": "broadcast",
            "mtu": 9216
          },
          "sensitive_attributes": [],
          "private": "eyJpbXBvcnRpbmciOiJNQT09In0="
        }
      ]
    },
    {
      "module": "module.config-po-int",
      "mode": "managed",
      "type": "nxos_subinterface",
      "name": "po_sub_int_core02",
      "provider": "module.config-po-int.provider[\"registry.terraform.io/ciscodevnet/nxos\"].core02",
      "instances": [
        {
          "index_key": "po12",
          "schema_version": 0,
          "attributes": {
            "admin_state": "up",
            "bandwidth": 0,
            "delay": 1,
            "description": "### XX-01 CORE01 - CORE02 BGP ###",
            "device": null,
            "encap": "vlan-3010",
            "id": "sys/intf/encrtd-[po12.3010]",
            "interface_id": "po12.3010",
            "link_logging": "default",
            "medium": "broadcast",
            "mtu": 9216
          },
          "sensitive_attributes": [],
          "private": "eyJpbXBvcnRpbmciOiJNQT09In0="
        },
        {
          "index_key": "po121",
          "schema_version": 0,
          "attributes": {
            "admin_state": "up",
            "bandwidth": 0,
            "delay": 1,
            "description": "### XX-01 RC BGP ###",
            "device": null,
            "encap": "vlan-3010",
            "id": "sys/intf/encrtd-[po121.3010]",
            "interface_id": "po121.3010",
            "link_logging": "default",
            "medium": "broadcast",
            "mtu": 9216
          },
          "sensitive_attributes": [],
          "private": "eyJpbXBvcnRpbmciOiJNQT09In0="
        },
        {
          "index_key": "po122",
          "schema_version": 0,
          "attributes": {
            "admin_state": "up",
            "bandwidth": 0,
            "delay": 1,
            "description": "### XX-01 RC BGP ###",
            "device": null,
            "encap": "vlan-3010",
            "id": "sys/intf/encrtd-[po122.3010]",
            "interface_id": "po122.3010",
            "link_logging": "default",
            "medium": "broadcast",
            "mtu": 9216
          },
          "sensitive_attributes": [],
          "private": "eyJpbXBvcnRpbmciOiJNQT09In0="
        }
      ]
    },
    {
      "module": "module.config-po-int",
      "mode": "managed",
      "type": "nxos_subinterface_vrf",
      "name": "po_sub_int_vrf_core01",
      "provider": "module.config-po-int.provider[\"registry.terraform.io/ciscodevnet/nxos\"].core01",
      "instances": [
        {
          "index_key": "po111",
          "schema_version": 0,
          "attributes": {
            "device": null,
            "id": "sys/intf/encrtd-[po111.3010]/rtvrfMbr",
            "interface_id": "po111.3010",
            "vrf_dn": "sys/inst-xx01_es_core"
          },
          "sensitive_attributes": [],
          "private": "eyJpbXBvcnRpbmciOiJNQT09In0="
        },
        {
          "index_key": "po112",
          "schema_version": 0,
          "attributes": {
            "device": null,
            "id": "sys/intf/encrtd-[po112.3010]/rtvrfMbr",
            "interface_id": "po112.3010",
            "vrf_dn": "sys/inst-xx01_es_core"
          },
          "sensitive_attributes": [],
          "private": "eyJpbXBvcnRpbmciOiJNQT09In0="
        },
        {
          "index_key": "po12",
          "schema_version": 0,
          "attributes": {
            "device": null,
            "id": "sys/intf/encrtd-[po12.3010]/rtvrfMbr",
            "interface_id": "po12.3010",
            "vrf_dn": "sys/inst-xx01_es_core"
          },
          "sensitive_attributes": [],
          "private": "eyJpbXBvcnRpbmciOiJNQT09In0="
        }
      ]
    },
    {
      "module": "module.config-po-int",
      "mode": "managed",
      "type": "nxos_subinterface_vrf",
      "name": "po_sub_int_vrf_core02",
      "provider": "module.config-po-int.provider[\"registry.terraform.io/ciscodevnet/nxos\"].core02",
      "instances": [
        {
          "index_key": "po12",
          "schema_version": 0,
          "attributes": {
            "device": null,
            "id": "sys/intf/encrtd-[po12.3010]/rtvrfMbr",
            "interface_id": "po12.3010",
            "vrf_dn": "sys/inst-xx01_es_core"
          },
          "sensitive_attributes": [],
          "private": "eyJpbXBvcnRpbmciOiJNQT09In0="
        },
        {
          "index_key": "po121",
          "schema_version": 0,
          "attributes": {
            "device": null,
            "id": "sys/intf/encrtd-[po121.3010]/rtvrfMbr",
            "interface_id": "po121.3010",
            "vrf_dn": "sys/inst-xx01_es_core"
          },
          "sensitive_attributes": [],
          "private": "eyJpbXBvcnRpbmciOiJNQT09In0="
        },
        {
          "index_key": "po122",
          "schema_version": 0,
          "attributes": {
            "device": null,
            "id": "sys/intf/encrtd-[po122.3010]/rtvrfMbr",
            "interface_id": "po122.3010",
            "vrf_dn": "sys/inst-xx01_es_core"
          },
          "sensitive_attributes": [],
          "private": "eyJpbXBvcnRpbmciOiJNQT09In0="
        }
      ]
    },
    {
      "module": "module.config-twe-features",
      "mode": "managed",
      "type": "nxos_feature_bfd",
      "name": "feature_bfd-core-01",
      "provider": "module.config-twe-features.provider[\"registry.terraform.io/ciscodevnet/nxos\"].core01",
      "instances": [
        {
          "schema_version": 0,
          "attributes": {
            "admin_state": "enabled",
            "device": null,
            "id": "sys/fm/bfd"
          },
          "sensitive_attributes": [],
          "private": "eyJpbXBvcnRpbmciOiJNQT09In0="
        }
      ]
    },
    {
      "module": "module.config-twe-features",
      "mode": "managed",
      "type": "nxos_feature_bfd",
      "name": "feature_bfd-core-02",
      "provider": "module.config-twe-features.provider[\"registry.terraform.io/ciscodevnet/nxos\"].core02",
      "instances": [
        {
          "schema_version": 0,
          "attributes": {
            "admin_state": "enabled",
            "device": null,
            "id": "sys/fm/bfd"
          },
          "sensitive_attributes": [],
          "private": "eyJpbXBvcnRpbmciOiJNQT09In0="
        }
      ]
    },
    {
      "module": "module.config-twe-features",
      "mode": "managed",
      "type": "nxos_feature_bgp",
      "name": "feature_bgp-core-01",
      "provider": "module.config-twe-features.provider[\"registry.terraform.io/ciscodevnet/nxos\"].core01",
      "instances": [
        {
          "schema_version": 0,
          "attributes": {
            "admin_state": "enabled",
            "device": null,
            "id": "sys/fm/bgp"
          },
          "sensitive_attributes": [],
          "private": "eyJpbXBvcnRpbmciOiJNQT09In0="
        }
      ]
    },
    {
      "module": "module.config-twe-features",
      "mode": "managed",
      "type": "nxos_feature_bgp",
      "name": "feature_bgp-core-02",
      "provider": "module.config-twe-features.provider[\"registry.terraform.io/ciscodevnet/nxos\"].core02",
      "instances": [
        {
          "schema_version": 0,
          "attributes": {
            "admin_state": "enabled",
            "device": null,
            "id": "sys/fm/bgp"
          },
          "sensitive_attributes": [],
          "private": "eyJpbXBvcnRpbmciOiJNQT09In0="
        }
      ]
    },
    {
      "module": "module.config-twe-features",
      "mode": "managed",
      "type": "nxos_feature_interface_vlan",
      "name": "feature_svi-core-01",
      "provider": "module.config-twe-features.provider[\"registry.terraform.io/ciscodevnet/nxos\"].core01",
      "instances": [
        {
          "schema_version": 0,
          "attributes": {
            "admin_state": "enabled",
            "device": null,
            "id": "sys/fm/ifvlan"
          },
          "sensitive_attributes": [],
          "private": "eyJpbXBvcnRpbmciOiJNQT09In0="
        }
      ]
    },
    {
      "module": "module.config-twe-features",
      "mode": "managed",
      "type": "nxos_feature_interface_vlan",
      "name": "feature_svi-core-02",
      "provider": "module.config-twe-features.provider[\"registry.terraform.io/ciscodevnet/nxos\"].core02",
      "instances": [
        {
          "schema_version": 0,
          "attributes": {
            "admin_state": "enabled",
            "device": null,
            "id": "sys/fm/ifvlan"
          },
          "sensitive_attributes": [],
          "private": "eyJpbXBvcnRpbmciOiJNQT09In0="
        }
      ]
    },
    {
      "module": "module.config-twe-features",
      "mode": "managed",
      "type": "nxos_feature_lacp",
      "name": "feature_lacp-core-01",
      "provider": "module.config-twe-features.provider[\"registry.terraform.io/ciscodevnet/nxos\"].core01",
      "instances": [
        {
          "schema_version": 0,
          "attributes": {
            "admin_state": "enabled",
            "device": null,
            "id": "sys/fm/lacp"
          },
          "sensitive_attributes": [],
          "private": "eyJpbXBvcnRpbmciOiJNQT09In0="
        }
      ]
    },
    {
      "module": "module.config-twe-features",
      "mode": "managed",
      "type": "nxos_feature_lacp",
      "name": "feature_lacp-core-02",
      "provider": "module.config-twe-features.provider[\"registry.terraform.io/ciscodevnet/nxos\"].core02",
      "instances": [
        {
          "schema_version": 0,
          "attributes": {
            "admin_state": "enabled",
            "device": null,
            "id": "sys/fm/lacp"
          },
          "sensitive_attributes": [],
          "private": "eyJpbXBvcnRpbmciOiJNQT09In0="
        }
      ]
    },
    {
      "module": "module.config-twe-features",
      "mode": "managed",
      "type": "nxos_feature_vpc",
      "name": "feature_vpc-core-01",
      "provider": "module.config-twe-features.provider[\"registry.terraform.io/ciscodevnet/nxos\"].core01",
      "instances": [
        {
          "schema_version": 0,
          "attributes": {
            "admin_state": "enabled",
            "device": null,
            "id": "sys/fm/vpc"
          },
          "sensitive_attributes": [],
          "private": "eyJpbXBvcnRpbmciOiJNQT09In0="
        }
      ]
    },
    {
      "module": "module.config-twe-features",
      "mode": "managed",
      "type": "nxos_feature_vpc",
      "name": "feature_vpc-core-02",
      "provider": "module.config-twe-features.provider[\"registry.terraform.io/ciscodevnet/nxos\"].core02",
      "instances": [
        {
          "schema_version": 0,
          "attributes": {
            "admin_state": "enabled",
            "device": null,
            "id": "sys/fm/vpc"
          },
          "sensitive_attributes": [],
          "private": "eyJpbXBvcnRpbmciOiJNQT09In0="
        }
      ]
    },
    {
      "module": "module.config-twe-vrf",
      "mode": "managed",
      "type": "nxos_vrf",
      "name": "vrf-core01",
      "provider": "module.config-twe-vrf.provider[\"registry.terraform.io/ciscodevnet/nxos\"].core01",
      "instances": [
        {
          "index_key": "vpc",
          "schema_version": 0,
          "attributes": {
            "description": null,
            "device": null,
            "encap": "unknown",
            "id": "sys/inst-[vpc]",
            "name": "vpc"
          },
          "sensitive_attributes": [],
          "private": "eyJpbXBvcnRpbmciOiJNQT09In0="
        },
        {
          "index_key": "xx01_es_core",
          "schema_version": 0,
          "attributes": {
            "description": null,
            "device": null,
            "encap": "unknown",
            "id": "sys/inst-[xx01_es_core]",
            "name": "xx01_es_core"
          },
          "sensitive_attributes": [],
          "private": "eyJpbXBvcnRpbmciOiJNQT09In0="
        }
      ]
    },
    {
      "module": "module.config-twe-vrf",
      "mode": "managed",
      "type": "nxos_vrf",
      "name": "vrf-core02",
      "provider": "module.config-twe-vrf.provider[\"registry.terraform.io/ciscodevnet/nxos\"].core02",
      "instances": [
        {
          "index_key": "vpc",
          "schema_version": 0,
          "attributes": {
            "description": null,
            "device": null,
            "encap": "unknown",
            "id": "sys/inst-[vpc]",
            "name": "vpc"
          },
          "sensitive_attributes": [],
          "private": "eyJpbXBvcnRpbmciOiJNQT09In0="
        },
        {
          "index_key": "xx01_es_core",
          "schema_version": 0,
          "attributes": {
            "description": null,
            "device": null,
            "encap": "unknown",
            "id": "sys/inst-[xx01_es_core]",
            "name": "xx01_es_core"
          },
          "sensitive_attributes": [],
          "private": "eyJpbXBvcnRpbmciOiJNQT09In0="
        }
      ]
    }
  ],
  "check_results": null
}
